
Microsoft Visual Studio Solution File, Format Version 12.00
# Visual Studio Version 17
VisualStudioVersion = 17.5.33424.131
MinimumVisualStudioVersion = 10.0.40219.1
Project("{FAE04EC0-301F-11D3-BF4B-00C04F79EFBC}") = "Gestiunea Angajatilor unei Firme", "Gestiunea Angajatilor unei Firme.csproj", "{AA432CB2-9F0F-410B-BAC9-FCA0541EBC85}"
EndProject
Global
	GlobalSection(SolutionConfigurationPlatforms) = preSolution
		Debug|Any CPU = Debug|Any CPU
		Release|Any CPU = Release|Any CPU
	EndGlobalSection
	GlobalSection(ProjectConfigurationPlatforms) = postSolution
		{AA432CB2-9F0F-410B-BAC9-FCA0541EBC85}.Debug|Any CPU.ActiveCfg = Debug|Any CPU
		{AA432CB2-9F0F-410B-BAC9-FCA0541EBC85}.Debug|Any CPU.Build.0 = Debug|Any CPU
		{AA432CB2-9F0F-410B-BAC9-FCA0541EBC85}.Release|Any CPU.ActiveCfg = Release|Any CPU
		{AA432CB2-9F0F-410B-BAC9-FCA0541EBC85}.Release|Any CPU.Build.0 = Release|Any CPU
	EndGlobalSection
	GlobalSection(SolutionProperties) = preSolution
		HideSolutionNode = FALSE
	EndGlobalSection
	GlobalSection(ExtensibilityGlobals) = postSolution
		SolutionGuid = {BD6A0A70-D001-4708-819E-3AEE1C37D525}
	EndGlobalSection
EndGlobal
